
Microsoft Visual Studio Solution File, Format Version 12.00
# Visual Studio Version 17
VisualStudioVersion = 17.7.34024.191
MinimumVisualStudioVersion = 10.0.40219.1
Project("{9A19103F-16F7-4668-BE54-9A1E7A4F7556}") = "Theoistic.PDF", "Theoistic.PDF\Theoistic.PDF.csproj", "{C5D6BC74-ED52-49E3-946C-12517989BBAE}"
EndProject
Project("{FAE04EC0-301F-11D3-BF4B-00C04F79EFBC}") = "Theoistic.PDF.Tests", "Theoistic.PDF.Tests\Theoistic.PDF.Tests.csproj", "{F6958F2D-2DD4-4A07-8489-3BAB85E0340F}"
EndProject
Global
	GlobalSection(SolutionConfigurationPlatforms) = preSolution
		Debug|Any CPU = Debug|Any CPU
		Release|Any CPU = Release|Any CPU
	EndGlobalSection
	GlobalSection(ProjectConfigurationPlatforms) = postSolution
		{C5D6BC74-ED52-49E3-946C-12517989BBAE}.Debug|Any CPU.ActiveCfg = Debug|Any CPU
		{C5D6BC74-ED52-49E3-946C-12517989BBAE}.Debug|Any CPU.Build.0 = Debug|Any CPU
		{C5D6BC74-ED52-49E3-946C-12517989BBAE}.Release|Any CPU.ActiveCfg = Release|Any CPU
		{C5D6BC74-ED52-49E3-946C-12517989BBAE}.Release|Any CPU.Build.0 = Release|Any CPU
		{F6958F2D-2DD4-4A07-8489-3BAB85E0340F}.Debug|Any CPU.ActiveCfg = Debug|Any CPU
		{F6958F2D-2DD4-4A07-8489-3BAB85E0340F}.Debug|Any CPU.Build.0 = Debug|Any CPU
		{F6958F2D-2DD4-4A07-8489-3BAB85E0340F}.Release|Any CPU.ActiveCfg = Release|Any CPU
		{F6958F2D-2DD4-4A07-8489-3BAB85E0340F}.Release|Any CPU.Build.0 = Release|Any CPU
	EndGlobalSection
	GlobalSection(SolutionProperties) = preSolution
		HideSolutionNode = FALSE
	EndGlobalSection
	GlobalSection(ExtensibilityGlobals) = postSolution
		SolutionGuid = {B7A39A6E-BD57-423B-87B0-F1ED2893CA17}
	EndGlobalSection
EndGlobal
